{
  "originHash" : "05f1d56563e819e475a8d02c3a43f17af2decf836aae26419eb20b68dd0dca6a",
  "pins" : [
    {
      "identity" : "capacitor-swift-pm",
      "kind" : "remoteSourceControl",
      "location" : "https://github.com/ionic-team/capacitor-swift-pm.git",
      "state" : {
        "revision" : "4f71d0b979f2f957326f04353eca7604ee937e1e",
        "version" : "8.5.0"
      }
    },
    {
      "identity" : "ion-ios-filesystem",
      "kind" : "remoteSourceControl",
      "location" : "https://github.com/ionic-team/ion-ios-filesystem.git",
      "state" : {
        "revision" : "0d81e26e828ff9582807e2339112cedf2e0fab85",
        "version" : "1.1.2"
      }
    },
    {
      "identity" : "ion-ios-healthfitness",
      "kind" : "remoteSourceControl",
      "location" : "https://github.com/ionic-team/ion-ios-healthfitness.git",
      "state" : {
        "revision" : "3d56051a7ee312c3756e300d9a854baeb4ba06f2",
        "version" : "1.0.1"
      }
    }
  ],
  "version" : 3
}
